
Microsoft Visual Studio Solution File, Format Version 12.00
# Visual Studio 15
VisualStudioVersion = 15.0.27703.2018
MinimumVisualStudioVersion = 10.0.40219.1
Project("{FAE04EC0-301F-11D3-BF4B-00C04F79EFBC}") = "Store", "Store.csproj", "{922D6E0E-8318-4CD3-BDF9-EAB3FD0B4C8A}"
EndProject
Global
	GlobalSection(SolutionConfigurationPlatforms) = preSolution
		Debug|Any CPU = Debug|Any CPU
		Release|Any CPU = Release|Any CPU
	EndGlobalSection
	GlobalSection(ProjectConfigurationPlatforms) = postSolution
		{922D6E0E-8318-4CD3-BDF9-EAB3FD0B4C8A}.Debug|Any CPU.ActiveCfg = Debug|Any CPU
		{922D6E0E-8318-4CD3-BDF9-EAB3FD0B4C8A}.Debug|Any CPU.Build.0 = Debug|Any CPU
		{922D6E0E-8318-4CD3-BDF9-EAB3FD0B4C8A}.Release|Any CPU.ActiveCfg = Release|Any CPU
		{922D6E0E-8318-4CD3-BDF9-EAB3FD0B4C8A}.Release|Any CPU.Build.0 = Release|Any CPU
	EndGlobalSection
	GlobalSection(SolutionProperties) = preSolution
		HideSolutionNode = FALSE
	EndGlobalSection
	GlobalSection(ExtensibilityGlobals) = postSolution
		SolutionGuid = {32B9070B-CD81-4CDC-BC52-69A910ED6D28}
	EndGlobalSection
EndGlobal
